# This is a Gradle generated file for dependency locking.
# Manual edits can break the build and are not advised.
# This file is expected to be part of source control.
cglib:cglib-nodep:3.2.2=testRuntimeClasspath
com.fasterxml.jackson.core:jackson-annotations:2.20=compileClasspath,implementationDependenciesMetadata,mainArchRulesRuntime,runtimeClasspath,testArchRulesRuntime,testCompileClasspath,testImplementationDependenciesMetadata,testRuntimeClasspath
com.jayway.jsonpath:json-path:2.9.0=testArchRulesRuntime,testCompileClasspath,testImplementationDependenciesMetadata,testRuntimeClasspath
com.netflix.nebula:archrules-deprecation:0.7.1=archRules,mainArchRulesRuntime,testArchRulesRuntime
com.netflix.nebula:archrules-joda:0.7.1=archRules,mainArchRulesRuntime,testArchRulesRuntime
com.netflix.nebula:archrules-nullability:0.7.1=archRules,mainArchRulesRuntime,testArchRulesRuntime
com.netflix.nebula:archrules-security:0.7.1=archRules,mainArchRulesRuntime,testArchRulesRuntime
com.netflix.nebula:archrules-testing-frameworks:0.7.1=archRules,mainArchRulesRuntime,testArchRulesRuntime
com.netflix.nebula:nebula-archrules-core:0.5.5=archRules,mainArchRulesRuntime,testArchRulesRuntime
com.netflix.nebula:nebula-test:11.11.3=testArchRulesRuntime,testCompileClasspath,testImplementationDependenciesMetadata,testRuntimeClasspath
com.tngtech.archunit:archunit:1.4.1=archRules,compileClasspath,implementationDependenciesMetadata,mainArchRulesRuntime,runtimeClasspath,testArchRulesRuntime,testCompileClasspath,testImplementationDependenciesMetadata,testRuntimeClasspath
io.github.java-diff-utils:java-diff-utils:4.12=kotlinInternalAbiValidation
net.bytebuddy:byte-buddy:1.17.7=testArchRulesRuntime,testCompileClasspath,testImplementationDependenciesMetadata,testRuntimeClasspath
net.javacrumbs.json-unit:json-unit-assertj:5.0.0=testArchRulesRuntime,testCompileClasspath,testImplementationDependenciesMetadata,testRuntimeClasspath
net.javacrumbs.json-unit:json-unit-core:5.0.0=testArchRulesRuntime,testCompileClasspath,testImplementationDependenciesMetadata,testRuntimeClasspath
net.javacrumbs.json-unit:json-unit-json-path:5.0.0=testArchRulesRuntime,testCompileClasspath,testImplementationDependenciesMetadata,testRuntimeClasspath
net.minidev:accessors-smart:2.5.0=testArchRulesRuntime,testRuntimeClasspath
net.minidev:json-smart:2.5.0=testArchRulesRuntime,testRuntimeClasspath
org.apiguardian:apiguardian-api:1.1.2=testCompileClasspath,testImplementationDependenciesMetadata
org.assertj:assertj-core:3.27.6=testArchRulesRuntime,testCompileClasspath,testImplementationDependenciesMetadata,testRuntimeClasspath
org.hamcrest:hamcrest-core:3.0=testArchRulesRuntime,testCompileClasspath,testImplementationDependenciesMetadata,testRuntimeClasspath
org.hamcrest:hamcrest:3.0=testArchRulesRuntime,testCompileClasspath,testImplementationDependenciesMetadata,testRuntimeClasspath
org.jetbrains.kotlin:abi-tools-api:2.2.0=kotlinInternalAbiValidation
org.jetbrains.kotlin:abi-tools:2.2.0=kotlinInternalAbiValidation
org.jetbrains.kotlin:kotlin-assignment-compiler-plugin-embeddable:2.2.0=kotlinCompilerPluginClasspathMain,kotlinCompilerPluginClasspathTest
org.jetbrains.kotlin:kotlin-build-tools-api:2.2.0=kotlinBuildToolsApiClasspath
org.jetbrains.kotlin:kotlin-build-tools-impl:2.2.0=kotlinBuildToolsApiClasspath
org.jetbrains.kotlin:kotlin-compiler-embeddable:2.2.0=kotlinBuildToolsApiClasspath,kotlinCompilerClasspath,kotlinInternalAbiValidation,kotlinKlibCommonizerClasspath
org.jetbrains.kotlin:kotlin-compiler-runner:2.2.0=kotlinBuildToolsApiClasspath
org.jetbrains.kotlin:kotlin-daemon-client:2.2.0=kotlinBuildToolsApiClasspath
org.jetbrains.kotlin:kotlin-daemon-embeddable:2.2.0=kotlinBuildToolsApiClasspath,kotlinCompilerClasspath,kotlinInternalAbiValidation,kotlinKlibCommonizerClasspath
org.jetbrains.kotlin:kotlin-klib-commonizer-embeddable:2.2.0=kotlinKlibCommonizerClasspath
org.jetbrains.kotlin:kotlin-metadata-jvm:2.2.0=kotlinInternalAbiValidation
org.jetbrains.kotlin:kotlin-reflect:1.6.10=kotlinBuildToolsApiClasspath,kotlinCompilerClasspath,kotlinInternalAbiValidation,kotlinKlibCommonizerClasspath
org.jetbrains.kotlin:kotlin-reflect:2.2.0=compileClasspath,compileOnlyDependenciesMetadata,embeddedKotlin,testArchRulesRuntime,testCompileClasspath,testImplementationDependenciesMetadata,testRuntimeClasspath
org.jetbrains.kotlin:kotlin-sam-with-receiver-compiler-plugin-embeddable:2.2.0=kotlinCompilerPluginClasspathMain,kotlinCompilerPluginClasspathTest
org.jetbrains.kotlin:kotlin-script-runtime:2.2.0=compilePluginsBlocksPluginClasspathElements,kotlinBuildToolsApiClasspath,kotlinCompilerClasspath,kotlinCompilerPluginClasspathMain,kotlinCompilerPluginClasspathTest,kotlinInternalAbiValidation,kotlinKlibCommonizerClasspath
org.jetbrains.kotlin:kotlin-scripting-common:2.2.0=compilePluginsBlocksPluginClasspathElements,kotlinBuildToolsApiClasspath,kotlinCompilerPluginClasspathMain,kotlinCompilerPluginClasspathTest
org.jetbrains.kotlin:kotlin-scripting-compiler-embeddable:2.2.0=compilePluginsBlocksPluginClasspathElements,kotlinBuildToolsApiClasspath,kotlinCompilerPluginClasspathMain,kotlinCompilerPluginClasspathTest
org.jetbrains.kotlin:kotlin-scripting-compiler-impl-embeddable:2.2.0=compilePluginsBlocksPluginClasspathElements,kotlinBuildToolsApiClasspath,kotlinCompilerPluginClasspathMain,kotlinCompilerPluginClasspathTest
org.jetbrains.kotlin:kotlin-scripting-jvm:2.2.0=compilePluginsBlocksPluginClasspathElements,kotlinBuildToolsApiClasspath,kotlinCompilerPluginClasspathMain,kotlinCompilerPluginClasspathTest
org.jetbrains.kotlin:kotlin-stdlib:2.2.0=compileClasspath,compileOnlyDependenciesMetadata,compilePluginsBlocksPluginClasspathElements,embeddedKotlin,kotlinBuildToolsApiClasspath,kotlinCompilerClasspath,kotlinCompilerPluginClasspathMain,kotlinCompilerPluginClasspathTest,kotlinInternalAbiValidation,kotlinKlibCommonizerClasspath,testArchRulesRuntime,testCompileClasspath,testImplementationDependenciesMetadata,testRuntimeClasspath
org.jetbrains.kotlinx:kotlinx-coroutines-core-jvm:1.8.0=kotlinBuildToolsApiClasspath,kotlinCompilerClasspath,kotlinInternalAbiValidation,kotlinKlibCommonizerClasspath
org.jetbrains:annotations:13.0=compileClasspath,compilePluginsBlocksPluginClasspathElements,embeddedKotlin,kotlinBuildToolsApiClasspath,kotlinCompilerClasspath,kotlinCompilerPluginClasspathMain,kotlinCompilerPluginClasspathTest,kotlinInternalAbiValidation,kotlinKlibCommonizerClasspath,testArchRulesRuntime,testCompileClasspath,testRuntimeClasspath
org.json:json:20250517=testArchRulesRuntime,testCompileClasspath,testImplementationDependenciesMetadata,testRuntimeClasspath
org.jspecify:jspecify:1.0.0=archRules,mainArchRulesRuntime,testArchRulesRuntime,testCompileClasspath,testImplementationDependenciesMetadata,testRuntimeClasspath
org.junit.jupiter:junit-jupiter-api:5.14.1=testArchRulesRuntime,testCompileClasspath,testImplementationDependenciesMetadata,testRuntimeClasspath
org.junit.jupiter:junit-jupiter-engine:5.14.1=testArchRulesRuntime,testRuntimeClasspath
org.junit.jupiter:junit-jupiter-params:5.14.1=testArchRulesRuntime,testCompileClasspath,testImplementationDependenciesMetadata,testRuntimeClasspath
org.junit.jupiter:junit-jupiter:5.14.1=testArchRulesRuntime,testCompileClasspath,testImplementationDependenciesMetadata,testRuntimeClasspath
org.junit.platform:junit-platform-commons:1.14.1=testArchRulesRuntime,testCompileClasspath,testImplementationDependenciesMetadata,testRuntimeClasspath
org.junit.platform:junit-platform-engine:1.14.1=testArchRulesRuntime,testCompileClasspath,testImplementationDependenciesMetadata,testRuntimeClasspath
org.junit.platform:junit-platform-launcher:1.14.1=testArchRulesRuntime,testCompileClasspath,testImplementationDependenciesMetadata,testRuntimeClasspath
org.junit:junit-bom:5.14.1=testArchRulesRuntime,testCompileClasspath,testImplementationDependenciesMetadata,testRuntimeClasspath
org.objenesis:objenesis:2.4=testRuntimeClasspath
org.opentest4j:opentest4j:1.3.0=testArchRulesRuntime,testCompileClasspath,testImplementationDependenciesMetadata,testRuntimeClasspath
org.ow2.asm:asm:9.3=testArchRulesRuntime,testRuntimeClasspath
org.slf4j:slf4j-api:2.0.17=archRules,compileClasspath,implementationDependenciesMetadata,mainArchRulesRuntime,runtimeClasspath,testArchRulesRuntime,testCompileClasspath,testImplementationDependenciesMetadata,testRuntimeClasspath
tools.jackson.core:jackson-core:3.0.2=compileClasspath,implementationDependenciesMetadata,mainArchRulesRuntime,runtimeClasspath,testArchRulesRuntime,testCompileClasspath,testImplementationDependenciesMetadata,testRuntimeClasspath
tools.jackson.core:jackson-databind:3.0.2=compileClasspath,implementationDependenciesMetadata,mainArchRulesRuntime,runtimeClasspath,testArchRulesRuntime,testCompileClasspath,testImplementationDependenciesMetadata,testRuntimeClasspath
tools.jackson:jackson-bom:3.0.2=compileClasspath,implementationDependenciesMetadata,mainArchRulesRuntime,runtimeClasspath,testArchRulesRuntime,testCompileClasspath,testImplementationDependenciesMetadata,testRuntimeClasspath
empty=annotationProcessor,apiDependenciesMetadata,intransitiveDependenciesMetadata,kotlinCompilerPluginClasspath,kotlinNativeCompilerPluginClasspath,kotlinScriptDefExtensions,testAnnotationProcessor,testApiDependenciesMetadata,testCompileOnlyDependenciesMetadata,testIntransitiveDependenciesMetadata,testKotlinScriptDefExtensions
